
Microsoft Visual Studio Solution File, Format Version 12.00
# Visual Studio 2013
VisualStudioVersion = 12.0.21005.1
MinimumVisualStudioVersion = 10.0.40219.1
Project("{FAE04EC0-301F-11D3-BF4B-00C04F79EFBC}") = "Factory", "Factory\Factory.csproj", "{80B05D83-A68F-4D60-AC97-0EF78B7A50A9}"
EndProject
Project("{FAE04EC0-301F-11D3-BF4B-00C04F79EFBC}") = "Abstract", "Abstract\Abstract.csproj", "{ABAAF2B8-2DA1-4B18-B1C1-6AF5F37B114B}"
EndProject
Global
	GlobalSection(SolutionConfigurationPlatforms) = preSolution
		Debug|Any CPU = Debug|Any CPU
		Release|Any CPU = Release|Any CPU
	EndGlobalSection
	GlobalSection(ProjectConfigurationPlatforms) = postSolution
		{80B05D83-A68F-4D60-AC97-0EF78B7A50A9}.Debug|Any CPU.ActiveCfg = Debug|Any CPU
		{80B05D83-A68F-4D60-AC97-0EF78B7A50A9}.Debug|Any CPU.Build.0 = Debug|Any CPU
		{80B05D83-A68F-4D60-AC97-0EF78B7A50A9}.Release|Any CPU.ActiveCfg = Release|Any CPU
		{80B05D83-A68F-4D60-AC97-0EF78B7A50A9}.Release|Any CPU.Build.0 = Release|Any CPU
		{ABAAF2B8-2DA1-4B18-B1C1-6AF5F37B114B}.Debug|Any CPU.ActiveCfg = Debug|Any CPU
		{ABAAF2B8-2DA1-4B18-B1C1-6AF5F37B114B}.Debug|Any CPU.Build.0 = Debug|Any CPU
		{ABAAF2B8-2DA1-4B18-B1C1-6AF5F37B114B}.Release|Any CPU.ActiveCfg = Release|Any CPU
		{ABAAF2B8-2DA1-4B18-B1C1-6AF5F37B114B}.Release|Any CPU.Build.0 = Release|Any CPU
	EndGlobalSection
	GlobalSection(SolutionProperties) = preSolution
		HideSolutionNode = FALSE
	EndGlobalSection
EndGlobal
